
Microsoft Visual Studio Solution File, Format Version 12.00
# Visual Studio Version 17
VisualStudioVersion = 17.10.35004.147
MinimumVisualStudioVersion = 10.0.40219.1
Project("{FAE04EC0-301F-11D3-BF4B-00C04F79EFBC}") = "Advent2024", "Advent2024\Advent2024.csproj", "{C60F18C7-74C1-4A51-B991-9CCE4CC5F258}"
EndProject
Global
	GlobalSection(SolutionConfigurationPlatforms) = preSolution
		Debug|Any CPU = Debug|Any CPU
		Release|Any CPU = Release|Any CPU
	EndGlobalSection
	GlobalSection(ProjectConfigurationPlatforms) = postSolution
		{C60F18C7-74C1-4A51-B991-9CCE4CC5F258}.Debug|Any CPU.ActiveCfg = Debug|Any CPU
		{C60F18C7-74C1-4A51-B991-9CCE4CC5F258}.Debug|Any CPU.Build.0 = Debug|Any CPU
		{C60F18C7-74C1-4A51-B991-9CCE4CC5F258}.Release|Any CPU.ActiveCfg = Release|Any CPU
		{C60F18C7-74C1-4A51-B991-9CCE4CC5F258}.Release|Any CPU.Build.0 = Release|Any CPU
	EndGlobalSection
	GlobalSection(SolutionProperties) = preSolution
		HideSolutionNode = FALSE
	EndGlobalSection
	GlobalSection(ExtensibilityGlobals) = postSolution
		SolutionGuid = {6E299DDC-71FE-41F3-8EF5-6A4B66A4A9DA}
	EndGlobalSection
EndGlobal
